
Microsoft Visual Studio Solution File, Format Version 12.00
# Visual Studio Version 16
VisualStudioVersion = 16.0.31829.152
MinimumVisualStudioVersion = 10.0.40219.1
Project("{FAE04EC0-301F-11D3-BF4B-00C04F79EFBC}") = "Programm", "Programm\Programm.csproj", "{C4FFFD70-E374-4A97-8FA8-96A4780C789A}"
EndProject
Project("{FAE04EC0-301F-11D3-BF4B-00C04F79EFBC}") = "Prog", "Prog\Prog.csproj", "{4AF7B024-C617-43A3-968E-9956FF425513}"
EndProject
Global
	GlobalSection(SolutionConfigurationPlatforms) = preSolution
		Debug|Any CPU = Debug|Any CPU
		Release|Any CPU = Release|Any CPU
	EndGlobalSection
	GlobalSection(ProjectConfigurationPlatforms) = postSolution
		{C4FFFD70-E374-4A97-8FA8-96A4780C789A}.Debug|Any CPU.ActiveCfg = Debug|Any CPU
		{C4FFFD70-E374-4A97-8FA8-96A4780C789A}.Debug|Any CPU.Build.0 = Debug|Any CPU
		{C4FFFD70-E374-4A97-8FA8-96A4780C789A}.Release|Any CPU.ActiveCfg = Release|Any CPU
		{C4FFFD70-E374-4A97-8FA8-96A4780C789A}.Release|Any CPU.Build.0 = Release|Any CPU
		{4AF7B024-C617-43A3-968E-9956FF425513}.Debug|Any CPU.ActiveCfg = Debug|Any CPU
		{4AF7B024-C617-43A3-968E-9956FF425513}.Debug|Any CPU.Build.0 = Debug|Any CPU
		{4AF7B024-C617-43A3-968E-9956FF425513}.Release|Any CPU.ActiveCfg = Release|Any CPU
		{4AF7B024-C617-43A3-968E-9956FF425513}.Release|Any CPU.Build.0 = Release|Any CPU
	EndGlobalSection
	GlobalSection(SolutionProperties) = preSolution
		HideSolutionNode = FALSE
	EndGlobalSection
	GlobalSection(ExtensibilityGlobals) = postSolution
		SolutionGuid = {F6B562D4-1B38-4F88-B147-9545014A3030}
	EndGlobalSection
EndGlobal
